
Microsoft Visual Studio Solution File, Format Version 12.00
# Visual Studio Version 17
VisualStudioVersion = 17.0.32112.339
MinimumVisualStudioVersion = 10.0.40219.1
Project("{9A19103F-16F7-4668-BE54-9A1E7A4F7556}") = "01. Train", "01. Train\01. Train.csproj", "{25832F06-F7E5-43E8-9E71-5DB6E2A6AC3B}"
EndProject
Project("{9A19103F-16F7-4668-BE54-9A1E7A4F7556}") = "02. Common Elements", "02. Common Elements\02. Common Elements.csproj", "{2AE0AA7D-D732-46B1-8F29-799A011487DF}"
EndProject
Project("{9A19103F-16F7-4668-BE54-9A1E7A4F7556}") = "03. Zig-Zag Arrays", "03. Zig-Zag Arrays\03. Zig-Zag Arrays.csproj", "{783E081E-04CE-420A-8000-0E5ACD6329F1}"
EndProject
Project("{9A19103F-16F7-4668-BE54-9A1E7A4F7556}") = "04. Array Rotation", "04. Array Rotation\04. Array Rotation.csproj", "{D945D7AD-63D6-4038-97BD-C111EE767017}"
EndProject
Project("{9A19103F-16F7-4668-BE54-9A1E7A4F7556}") = "05. Top Integers", "05. Top Integers\05. Top Integers.csproj", "{B7F40CE6-75B2-47BC-AE48-61980A494F20}"
EndProject
Project("{FAE04EC0-301F-11D3-BF4B-00C04F79EFBC}") = "06. Equal Sum", "06. Equal Sum\06. Equal Sum.csproj", "{46025535-ED0F-40DD-BA8A-764457BE9B82}"
EndProject
Project("{FAE04EC0-301F-11D3-BF4B-00C04F79EFBC}") = "07. Max Sequence of Equal Elements", "07. Max Sequence of Equal Elements\07. Max Sequence of Equal Elements.csproj", "{0016266C-F2F9-4B73-92FB-B08F8F849AE8}"
EndProject
Project("{FAE04EC0-301F-11D3-BF4B-00C04F79EFBC}") = "08. Magic Sum", "08. Magic Sum\08. Magic Sum.csproj", "{EC8115CD-E2E8-4225-B7D1-DB6054508B59}"
EndProject
Global
	GlobalSection(SolutionConfigurationPlatforms) = preSolution
		Debug|Any CPU = Debug|Any CPU
		Release|Any CPU = Release|Any CPU
	EndGlobalSection
	GlobalSection(ProjectConfigurationPlatforms) = postSolution
		{25832F06-F7E5-43E8-9E71-5DB6E2A6AC3B}.Debug|Any CPU.ActiveCfg = Debug|Any CPU
		{25832F06-F7E5-43E8-9E71-5DB6E2A6AC3B}.Debug|Any CPU.Build.0 = Debug|Any CPU
		{25832F06-F7E5-43E8-9E71-5DB6E2A6AC3B}.Release|Any CPU.ActiveCfg = Release|Any CPU
		{25832F06-F7E5-43E8-9E71-5DB6E2A6AC3B}.Release|Any CPU.Build.0 = Release|Any CPU
		{2AE0AA7D-D732-46B1-8F29-799A011487DF}.Debug|Any CPU.ActiveCfg = Debug|Any CPU
		{2AE0AA7D-D732-46B1-8F29-799A011487DF}.Debug|Any CPU.Build.0 = Debug|Any CPU
		{2AE0AA7D-D732-46B1-8F29-799A011487DF}.Release|Any CPU.ActiveCfg = Release|Any CPU
		{2AE0AA7D-D732-46B1-8F29-799A011487DF}.Release|Any CPU.Build.0 = Release|Any CPU
		{783E081E-04CE-420A-8000-0E5ACD6329F1}.Debug|Any CPU.ActiveCfg = Debug|Any CPU
		{783E081E-04CE-420A-8000-0E5ACD6329F1}.Debug|Any CPU.Build.0 = Debug|Any CPU
		{783E081E-04CE-420A-8000-0E5ACD6329F1}.Release|Any CPU.ActiveCfg = Release|Any CPU
		{783E081E-04CE-420A-8000-0E5ACD6329F1}.Release|Any CPU.Build.0 = Release|Any CPU
		{D945D7AD-63D6-4038-97BD-C111EE767017}.Debug|Any CPU.ActiveCfg = Debug|Any CPU
		{D945D7AD-63D6-4038-97BD-C111EE767017}.Debug|Any CPU.Build.0 = Debug|Any CPU
		{D945D7AD-63D6-4038-97BD-C111EE767017}.Release|Any CPU.ActiveCfg = Release|Any CPU
		{D945D7AD-63D6-4038-97BD-C111EE767017}.Release|Any CPU.Build.0 = Release|Any CPU
		{B7F40CE6-75B2-47BC-AE48-61980A494F20}.Debug|Any CPU.ActiveCfg = Debug|Any CPU
		{B7F40CE6-75B2-47BC-AE48-61980A494F20}.Debug|Any CPU.Build.0 = Debug|Any CPU
		{B7F40CE6-75B2-47BC-AE48-61980A494F20}.Release|Any CPU.ActiveCfg = Release|Any CPU
		{B7F40CE6-75B2-47BC-AE48-61980A494F20}.Release|Any CPU.Build.0 = Release|Any CPU
		{46025535-ED0F-40DD-BA8A-764457BE9B82}.Debug|Any CPU.ActiveCfg = Debug|Any CPU
		{46025535-ED0F-40DD-BA8A-764457BE9B82}.Debug|Any CPU.Build.0 = Debug|Any CPU
		{46025535-ED0F-40DD-BA8A-764457BE9B82}.Release|Any CPU.ActiveCfg = Release|Any CPU
		{46025535-ED0F-40DD-BA8A-764457BE9B82}.Release|Any CPU.Build.0 = Release|Any CPU
		{0016266C-F2F9-4B73-92FB-B08F8F849AE8}.Debug|Any CPU.ActiveCfg = Debug|Any CPU
		{0016266C-F2F9-4B73-92FB-B08F8F849AE8}.Debug|Any CPU.Build.0 = Debug|Any CPU
		{0016266C-F2F9-4B73-92FB-B08F8F849AE8}.Release|Any CPU.ActiveCfg = Release|Any CPU
		{0016266C-F2F9-4B73-92FB-B08F8F849AE8}.Release|Any CPU.Build.0 = Release|Any CPU
		{EC8115CD-E2E8-4225-B7D1-DB6054508B59}.Debug|Any CPU.ActiveCfg = Debug|Any CPU
		{EC8115CD-E2E8-4225-B7D1-DB6054508B59}.Debug|Any CPU.Build.0 = Debug|Any CPU
		{EC8115CD-E2E8-4225-B7D1-DB6054508B59}.Release|Any CPU.ActiveCfg = Release|Any CPU
		{EC8115CD-E2E8-4225-B7D1-DB6054508B59}.Release|Any CPU.Build.0 = Release|Any CPU
	EndGlobalSection
	GlobalSection(SolutionProperties) = preSolution
		HideSolutionNode = FALSE
	EndGlobalSection
	GlobalSection(ExtensibilityGlobals) = postSolution
		SolutionGuid = {05C9AEB7-A847-4437-A026-3B6C69FD4A0A}
	EndGlobalSection
EndGlobal
